
Microsoft Visual Studio Solution File, Format Version 12.00
# Visual Studio Version 17
VisualStudioVersion = 17.11.35327.3
MinimumVisualStudioVersion = 10.0.40219.1
Project("{9A19103F-16F7-4668-BE54-9A1E7A4F7556}") = "CrmPlatformAPI", "CrmPlatformAPI\CrmPlatformAPI.csproj", "{77A87C8C-E86B-4633-B3B7-7C7AE65D27F5}"
EndProject
Project("{2150E333-8FDC-42A3-9474-1A3956D46DE8}") = "Solution Items", "Solution Items", "{9606EFA7-FE43-4781-9555-D6A615227F94}"
EndProject
Global
	GlobalSection(SolutionConfigurationPlatforms) = preSolution
		Debug|Any CPU = Debug|Any CPU
		Release|Any CPU = Release|Any CPU
	EndGlobalSection
	GlobalSection(ProjectConfigurationPlatforms) = postSolution
		{77A87C8C-E86B-4633-B3B7-7C7AE65D27F5}.Debug|Any CPU.ActiveCfg = Debug|Any CPU
		{77A87C8C-E86B-4633-B3B7-7C7AE65D27F5}.Debug|Any CPU.Build.0 = Debug|Any CPU
		{77A87C8C-E86B-4633-B3B7-7C7AE65D27F5}.Release|Any CPU.ActiveCfg = Release|Any CPU
		{77A87C8C-E86B-4633-B3B7-7C7AE65D27F5}.Release|Any CPU.Build.0 = Release|Any CPU
	EndGlobalSection
	GlobalSection(SolutionProperties) = preSolution
		HideSolutionNode = FALSE
	EndGlobalSection
	GlobalSection(ExtensibilityGlobals) = postSolution
		SolutionGuid = {C0509DFB-42B9-42E7-9161-7F262869902E}
	EndGlobalSection
EndGlobal
